
Microsoft Visual Studio Solution File, Format Version 12.00
# Visual Studio Version 17
VisualStudioVersion = 17.3.32901.215
MinimumVisualStudioVersion = 10.0.40219.1
Project("{8BC9CEB8-8B4A-11D0-8D11-00A0C91BC942}") = "LW1T3", "LW1T3\LW1T3.vcxproj", "{B4287D94-221D-4DB4-A34D-6F9440788E78}"
EndProject
Global
	GlobalSection(SolutionConfigurationPlatforms) = preSolution
		Debug|x64 = Debug|x64
		Debug|x86 = Debug|x86
		Release|x64 = Release|x64
		Release|x86 = Release|x86
	EndGlobalSection
	GlobalSection(ProjectConfigurationPlatforms) = postSolution
		{B4287D94-221D-4DB4-A34D-6F9440788E78}.Debug|x64.ActiveCfg = Debug|x64
		{B4287D94-221D-4DB4-A34D-6F9440788E78}.Debug|x64.Build.0 = Debug|x64
		{B4287D94-221D-4DB4-A34D-6F9440788E78}.Debug|x86.ActiveCfg = Debug|Win32
		{B4287D94-221D-4DB4-A34D-6F9440788E78}.Debug|x86.Build.0 = Debug|Win32
		{B4287D94-221D-4DB4-A34D-6F9440788E78}.Release|x64.ActiveCfg = Release|x64
		{B4287D94-221D-4DB4-A34D-6F9440788E78}.Release|x64.Build.0 = Release|x64
		{B4287D94-221D-4DB4-A34D-6F9440788E78}.Release|x86.ActiveCfg = Release|Win32
		{B4287D94-221D-4DB4-A34D-6F9440788E78}.Release|x86.Build.0 = Release|Win32
	EndGlobalSection
	GlobalSection(SolutionProperties) = preSolution
		HideSolutionNode = FALSE
	EndGlobalSection
	GlobalSection(ExtensibilityGlobals) = postSolution
		SolutionGuid = {C7F0A899-7115-4656-9313-137759F4A040}
	EndGlobalSection
EndGlobal
