
Microsoft Visual Studio Solution File, Format Version 12.00
# Visual Studio Version 17
VisualStudioVersion = 17.3.32901.215
MinimumVisualStudioVersion = 10.0.40219.1
Project("{8BC9CEB8-8B4A-11D0-8D11-00A0C91BC942}") = "LW1T2", "LW1T2\LW1T2.vcxproj", "{128D3F38-E26B-4D8C-9F4E-257D2C459FEF}"
EndProject
Global
	GlobalSection(SolutionConfigurationPlatforms) = preSolution
		Debug|x64 = Debug|x64
		Debug|x86 = Debug|x86
		Release|x64 = Release|x64
		Release|x86 = Release|x86
	EndGlobalSection
	GlobalSection(ProjectConfigurationPlatforms) = postSolution
		{128D3F38-E26B-4D8C-9F4E-257D2C459FEF}.Debug|x64.ActiveCfg = Debug|x64
		{128D3F38-E26B-4D8C-9F4E-257D2C459FEF}.Debug|x64.Build.0 = Debug|x64
		{128D3F38-E26B-4D8C-9F4E-257D2C459FEF}.Debug|x86.ActiveCfg = Debug|Win32
		{128D3F38-E26B-4D8C-9F4E-257D2C459FEF}.Debug|x86.Build.0 = Debug|Win32
		{128D3F38-E26B-4D8C-9F4E-257D2C459FEF}.Release|x64.ActiveCfg = Release|x64
		{128D3F38-E26B-4D8C-9F4E-257D2C459FEF}.Release|x64.Build.0 = Release|x64
		{128D3F38-E26B-4D8C-9F4E-257D2C459FEF}.Release|x86.ActiveCfg = Release|Win32
		{128D3F38-E26B-4D8C-9F4E-257D2C459FEF}.Release|x86.Build.0 = Release|Win32
	EndGlobalSection
	GlobalSection(SolutionProperties) = preSolution
		HideSolutionNode = FALSE
	EndGlobalSection
	GlobalSection(ExtensibilityGlobals) = postSolution
		SolutionGuid = {9F64F975-BA10-4A88-BB9D-DB6316D8D81E}
	EndGlobalSection
EndGlobal
